{
  "name": "glitch-hello-react",
  "version": "0.0.5",
  "lockfileVersion": 1,
  "requires": true,
  "dependencies": {
    "@vitejs/plugin-react": {
      "version": "1.3.2",
      "requires": {
        "@babel/core": "^7.17.10",
        "@babel/plugin-transform-react-jsx": "^7.17.3",
        "@babel/plugin-transform-react-jsx-development": "^7.16.7",
        "@babel/plugin-transform-react-jsx-self": "^7.16.7",
        "@babel/plugin-transform-react-jsx-source": "^7.16.7",
        "@rollup/pluginutils": "^4.2.1",
        "react-refresh": "^0.13.0",
        "resolve": "^1.22.0"
      }
    },
    "antd": {
      "version": "4.23.6",
      "requires": {
        "@ant-design/colors": "^6.0.0",
        "@ant-design/icons": "^4.7.0",
        "@ant-design/react-slick": "~0.29.1",
        "@babel/runtime": "^7.18.3",
        "@ctrl/tinycolor": "^3.4.0",
        "classnames": "^2.2.6",
        "copy-to-clipboard": "^3.2.0",
        "lodash": "^4.17.21",
        "memoize-one": "^6.0.0",
        "moment": "^2.29.2",
        "rc-cascader": "~3.7.0",
        "rc-checkbox": "~2.3.0",
        "rc-collapse": "~3.3.0",
        "rc-dialog": "~8.9.0",
        "rc-drawer": "~5.1.0",
        "rc-dropdown": "~4.0.0",
        "rc-field-form": "~1.27.0",
        "rc-image": "~5.7.0",
        "rc-input": "~0.1.2",
        "rc-input-number": "~7.3.9",
        "rc-mentions": "~1.10.0",
        "rc-menu": "~9.6.3",
        "rc-motion": "^2.6.1",
        "rc-notification": "~4.6.0",
        "rc-pagination": "~3.1.17",
        "rc-picker": "~2.6.11",
        "rc-progress": "~3.3.2",
        "rc-rate": "~2.9.0",
        "rc-resize-observer": "^1.2.0",
        "rc-segmented": "~2.1.0",
        "rc-select": "~14.1.13",
        "rc-slider": "~10.0.0",
        "rc-steps": "~4.1.0",
        "rc-switch": "~3.2.0",
        "rc-table": "~7.26.0",
        "rc-tabs": "~12.2.0",
        "rc-textarea": "~0.4.5",
        "rc-tooltip": "~5.2.0",
        "rc-tree": "~5.7.0",
        "rc-tree-select": "~5.5.0",
        "rc-trigger": "^5.2.10",
        "rc-upload": "~4.3.0",
        "rc-util": "^5.22.5",
        "scroll-into-view-if-needed": "^2.2.25"
      }
    },
    "axios": {
      "version": "1.1.3",
      "requires": {
        "follow-redirects": "^1.15.0",
        "form-data": "^4.0.0",
        "proxy-from-env": "^1.1.0"
      }
    },
    "react": {
      "version": "18.0.0",
      "requires": {
        "loose-envify": "^1.1.0"
      }
    },
    "react-dom": {
      "version": "18.0.0",
      "requires": {
        "loose-envify": "^1.1.0",
        "scheduler": "^0.21.0"
      }
    },
    "react-helmet-async": {
      "version": "1.3.0",
      "requires": {
        "@babel/runtime": "^7.12.5",
        "invariant": "^2.2.4",
        "prop-types": "^15.7.2",
        "react-fast-compare": "^3.2.0",
        "shallowequal": "^1.1.0"
      }
    },
    "react-router-dom": {
      "version": "6.4.2",
      "requires": {
        "@remix-run/router": "1.0.2",
        "react-router": "6.4.2"
      }
    },
    "react-spring": {
      "version": "9.4.5",
      "requires": {
        "@react-spring/core": "~9.4.5",
        "@react-spring/konva": "~9.4.5",
        "@react-spring/native": "~9.4.5",
        "@react-spring/three": "~9.4.5",
        "@react-spring/web": "~9.4.5",
        "@react-spring/zdog": "~9.4.5"
      }
    },
    "vite": {
      "version": "2.7.13",
      "dev": true,
      "requires": {
        "esbuild": "^0.13.12",
        "fsevents": "~2.3.2",
        "postcss": "^8.4.5",
        "resolve": "^1.20.0",
        "rollup": "^2.59.0"
      }
    },
    "wouter": {
      "version": "2.7.5"
    }
  }
}
